
Microsoft Visual Studio Solution File, Format Version 12.00
# Visual Studio Version 17
VisualStudioVersion = 17.7.34202.233
MinimumVisualStudioVersion = 10.0.40219.1
Project("{FAE04EC0-301F-11D3-BF4B-00C04F79EFBC}") = "Ionel_Maxian_lab2", "Ionel_Maxian_lab2.csproj", "{D352A5B7-83B8-4B28-A836-19EE52756D2C}"
EndProject
Global
	GlobalSection(SolutionConfigurationPlatforms) = preSolution
		Debug|Any CPU = Debug|Any CPU
		Release|Any CPU = Release|Any CPU
	EndGlobalSection
	GlobalSection(ProjectConfigurationPlatforms) = postSolution
		{D352A5B7-83B8-4B28-A836-19EE52756D2C}.Debug|Any CPU.ActiveCfg = Debug|Any CPU
		{D352A5B7-83B8-4B28-A836-19EE52756D2C}.Debug|Any CPU.Build.0 = Debug|Any CPU
		{D352A5B7-83B8-4B28-A836-19EE52756D2C}.Release|Any CPU.ActiveCfg = Release|Any CPU
		{D352A5B7-83B8-4B28-A836-19EE52756D2C}.Release|Any CPU.Build.0 = Release|Any CPU
	EndGlobalSection
	GlobalSection(SolutionProperties) = preSolution
		HideSolutionNode = FALSE
	EndGlobalSection
	GlobalSection(ExtensibilityGlobals) = postSolution
		SolutionGuid = {3F865C40-813E-4763-8D75-0093B1BAB9A0}
	EndGlobalSection
EndGlobal
